{
  "name": "Javascript the Recent Parts",
  "lockfileVersion": 3,
  "requires": true,
  "packages": {
    "": {
      "dependencies": {
        "caf": "^15.0.1",
        "fasy": "^9.0.2"
      }
    },
    "node_modules/caf": {
      "version": "15.0.1",
      "resolved": "https://registry.npmjs.org/caf/-/caf-15.0.1.tgz",
      "integrity": "sha512-Xp/IK6vMwujxWZXra7djdYzPdPnEQKa7Mudu2wZgDQ3TJry1I0TgtjEgwZHpoBcMp68j4fb0/FZ1SJyMEgJrXQ=="
    },
    "node_modules/fasy": {
      "version": "9.0.2",
      "resolved": "https://registry.npmjs.org/fasy/-/fasy-9.0.2.tgz",
      "integrity": "sha512-BA+KyMlWuZHJcnNwu7u1qeEo59m16Z8ogvcxY1Ncv5xcwu6LMxEHkiXVr9AaPpd7S7v4yf/i+kmSYTFotZyDhg=="
    }
  }
}
